
Microsoft Visual Studio Solution File, Format Version 12.00
# Visual Studio Version 17
VisualStudioVersion = 17.11.35327.3
MinimumVisualStudioVersion = 10.0.40219.1
Project("{9A19103F-16F7-4668-BE54-9A1E7A4F7556}") = "RPT.Lab.PinCheck.Models", "RPT.Lab.PinCheck.Models\RPT.Lab.PinCheck.Models.csproj", "{9CA04B65-8512-4C3B-9C62-236BF0182F1E}"
EndProject
Project("{9A19103F-16F7-4668-BE54-9A1E7A4F7556}") = "RPT.Lab.PinCheckTest", "RPT.Lab.PinCheckTest\RPT.Lab.PinCheckTest.csproj", "{BE2495B2-BA9D-4C0B-94B1-17B0AE419290}"
EndProject
Global
	GlobalSection(SolutionConfigurationPlatforms) = preSolution
		Debug|Any CPU = Debug|Any CPU
		Release|Any CPU = Release|Any CPU
	EndGlobalSection
	GlobalSection(ProjectConfigurationPlatforms) = postSolution
		{9CA04B65-8512-4C3B-9C62-236BF0182F1E}.Debug|Any CPU.ActiveCfg = Debug|Any CPU
		{9CA04B65-8512-4C3B-9C62-236BF0182F1E}.Debug|Any CPU.Build.0 = Debug|Any CPU
		{9CA04B65-8512-4C3B-9C62-236BF0182F1E}.Release|Any CPU.ActiveCfg = Release|Any CPU
		{9CA04B65-8512-4C3B-9C62-236BF0182F1E}.Release|Any CPU.Build.0 = Release|Any CPU
		{BE2495B2-BA9D-4C0B-94B1-17B0AE419290}.Debug|Any CPU.ActiveCfg = Debug|Any CPU
		{BE2495B2-BA9D-4C0B-94B1-17B0AE419290}.Debug|Any CPU.Build.0 = Debug|Any CPU
		{BE2495B2-BA9D-4C0B-94B1-17B0AE419290}.Release|Any CPU.ActiveCfg = Release|Any CPU
		{BE2495B2-BA9D-4C0B-94B1-17B0AE419290}.Release|Any CPU.Build.0 = Release|Any CPU
	EndGlobalSection
	GlobalSection(SolutionProperties) = preSolution
		HideSolutionNode = FALSE
	EndGlobalSection
	GlobalSection(ExtensibilityGlobals) = postSolution
		SolutionGuid = {BBFA4D76-1510-406A-93BB-4E73D7087E24}
	EndGlobalSection
EndGlobal
